# This file was autogenerated by Stack.
# You should not edit this file by hand.
# For more information, please see the documentation at:
#   https://docs.haskellstack.org/en/stable/lock_files

packages:
- completed:
    hackage: abides-0.0.1@sha256:26d6cb00ee98501f3c76899749e9202d270d7db6b8348b75f875eed688e49e80,2007
    pantry-tree:
      size: 1679
      sha256: 67c9504dab6c55c5e06dd849ebf713883c73bd4e22f91b7a9e0f7309b4e7861a
  original:
    hackage: abides-0.0.1
- completed:
    hackage: websockets-simple-0.2.0@sha256:aadc52e93864fedf5e963e2915ea50b9769017141d5f13aef362b94199a65319,1971
    pantry-tree:
      size: 406
      sha256: 4e0abd89312e2a8686866f5caa3d049bf794c5c738462b4532a5fff958fbb0f2
  original:
    hackage: websockets-simple-0.2.0
- completed:
    hackage: websockets-simple-extra-0.0.0@sha256:9bfa31547e3f0d92202545050486594b4ab69cc09c728eb756af2d9ed9b58687,1118
    pantry-tree:
      size: 344
      sha256: 21b8baf27a36b696ea180b1aab90b0367170070c0165be8b6ce08fbc07239a2a
  original:
    hackage: websockets-simple-extra-0.0.0
snapshots:
- completed:
    size: 523878
    url: https://raw.githubusercontent.com/commercialhaskell/stackage-snapshots/master/lts/14/3.yaml
    sha256: 470c46c27746a48c7c50f829efc0cf00112787a7804ee4ac7a27754658f6d92c
  original: lts-14.3
